
Microsoft Visual Studio Solution File, Format Version 12.00
# Visual Studio Version 17
VisualStudioVersion = 17.10.34928.147
MinimumVisualStudioVersion = 10.0.40219.1
Project("{FAE04EC0-301F-11D3-BF4B-00C04F79EFBC}") = "comp367_Quiz4", "comp367_Quiz4\comp367_Quiz4.csproj", "{B384A54C-0BFB-4F24-83F1-A5EB23C6554F}"
EndProject
Global
	GlobalSection(SolutionConfigurationPlatforms) = preSolution
		Debug|Any CPU = Debug|Any CPU
		Release|Any CPU = Release|Any CPU
	EndGlobalSection
	GlobalSection(ProjectConfigurationPlatforms) = postSolution
		{B384A54C-0BFB-4F24-83F1-A5EB23C6554F}.Debug|Any CPU.ActiveCfg = Debug|Any CPU
		{B384A54C-0BFB-4F24-83F1-A5EB23C6554F}.Debug|Any CPU.Build.0 = Debug|Any CPU
		{B384A54C-0BFB-4F24-83F1-A5EB23C6554F}.Release|Any CPU.ActiveCfg = Release|Any CPU
		{B384A54C-0BFB-4F24-83F1-A5EB23C6554F}.Release|Any CPU.Build.0 = Release|Any CPU
	EndGlobalSection
	GlobalSection(SolutionProperties) = preSolution
		HideSolutionNode = FALSE
	EndGlobalSection
	GlobalSection(ExtensibilityGlobals) = postSolution
		SolutionGuid = {E41485CA-BFC9-4FAC-9E15-74297C471A76}
	EndGlobalSection
EndGlobal
